github.com/goforj/cache/cachecore v0.4.1 h1:oM+iXW0ZUSrN2aAG29xJKgxu48iXp4E81Nq6hwVZKcI=
github.com/goforj/cache/cachecore v0.4.1/go.mod h1:/f1P+eik1Q59SQsJdOc+PDtJqNMmHu8+WVMQycKlm1M=
github.com/goforj/cache/cachetest v0.4.1 h1:E6bTEYfl458O5WmfUxnNeMg7jzCIaQIGsXjqTmFuC1c=
github.com/goforj/cache/cachetest v0.4.1/go.mod h1:tuOBIl1nPLT63YgvFkzQR56Gwxn21+mmtJ3xmObZSHQ=
github.com/patrickmn/go-cache v2.1.0+incompatible h1:HRMgzkcYKYpi3C8ajMPV8OFXaaRUnok+kx1WdO15EQc=
github.com/patrickmn/go-cache v2.1.0+incompatible/go.mod h1:3Qf8kWWT7OJRJbdiICTKqZju1ZixQ/KpMGzzAfe6+WQ=
