github.com/goforj/cache/cachecore v0.4.1 h1:oM+iXW0ZUSrN2aAG29xJKgxu48iXp4E81Nq6hwVZKcI=
github.com/goforj/cache/cachecore v0.4.1/go.mod h1:/f1P+eik1Q59SQsJdOc+PDtJqNMmHu8+WVMQycKlm1M=
github.com/klauspost/compress v1.18.7 h1:aUyZsS4kH3QTKurYhAOwAHxllVPnOthb3vPfnF1Ehjw=
github.com/klauspost/compress v1.18.7/go.mod h1:cwPg85FWrGar70rWktvGQj8/hthj3wpl0PGDogxkrSQ=
github.com/nats-io/nats.go v1.48.0 h1:pSFyXApG+yWU/TgbKCjmm5K4wrHu86231/w84qRVR+U=
github.com/nats-io/nats.go v1.48.0/go.mod h1:iRWIPokVIFbVijxuMQq4y9ttaBTMe0SFdlZfMDd+33g=
github.com/nats-io/nkeys v0.4.11 h1:q44qGV008kYd9W1b1nEBkNzvnWxtRSQ7A8BoqRrcfa0=
github.com/nats-io/nkeys v0.4.11/go.mod h1:szDimtgmfOi9n25JpfIdGw12tZFYXqhGxjhVxsatHVE=
github.com/nats-io/nuid v1.0.1 h1:5iA8DT8V7q8WK2EScv2padNa/rTESc1KdnPw4TC2paw=
github.com/nats-io/nuid v1.0.1/go.mod h1:19wcPz3Ph3q0Jbyiqsd0kePYG7A95tJPxeL+1OSON2c=
golang.org/x/crypto v0.56.0 h1:GUh5Ii4J5jtcseSMiRqr1jXCNHoxjeV9Fmekc2oLy6Y=
golang.org/x/crypto v0.56.0/go.mod h1:OMW5y6CY9l38uPLmxU6l6pwcXp1obtLo3e6gT7gQR2I=
golang.org/x/sys v0.47.0 h1:o7XGOvZQCADBQQ4Y7VNq2dRWQR7JmOUW8Kxx4ZsNgWs=
golang.org/x/sys v0.47.0/go.mod h1:4GL1E5IUh+htKOUEOaiffhrAeqysfVGipDYzABqnCmw=
