filippo.io/edwards25519 v1.2.0 h1:crnVqOiS4jqYleHd9vaKZ+HKtHfllngJIiOpNpoJsjo=
filippo.io/edwards25519 v1.2.0/go.mod h1:xzAOLCNug/yB62zG1bQ8uziwrIqIuxhctzJT18Q77mc=
github.com/go-sql-driver/mysql v1.10.1 h1:arlSnNLq6a5yxGxV7qg9lF4j0C+KwD6NbQyKr9QL6ME=
github.com/go-sql-driver/mysql v1.10.1/go.mod h1:M+cqaI7+xxXGG9swrdeUIoPG3Y3KCkF0pZej+SK+nWk=
github.com/goforj/cache/cachecore v0.4.1 h1:oM+iXW0ZUSrN2aAG29xJKgxu48iXp4E81Nq6hwVZKcI=
github.com/goforj/cache/cachecore v0.4.1/go.mod h1:/f1P+eik1Q59SQsJdOc+PDtJqNMmHu8+WVMQycKlm1M=
github.com/goforj/cache/driver/sqlcore v0.4.1 h1:jmTPCdiD3x4xFb7EneWlb/AlVbhjMh0dE0voiIkHzkA=
github.com/goforj/cache/driver/sqlcore v0.4.1/go.mod h1:oMRuKhc9x8/ZB+LWQerGKO7EdSGymu/xlq6el2cAFZk=
